// !$*UTF8*$!
{
	archiveVersion = 1;
	classes = {
	};
	objectVersion = 56;
	objects = {

/* Begin PBXBuildFile section */
		514517322954E104009A0C35 /* TakePhotoWithCamera.swift in Sources */ = {isa = PBXBuildFile; fileRef = 514517312954E104009A0C35 /* TakePhotoWithCamera.swift */; };
		51D7C5142954B974005B47F0 /* FutureProfessionApp.swift in Sources */ = {isa = PBXBuildFile; fileRef = 51D7C5132954B974005B47F0 /* FutureProfessionApp.swift */; };
		51D7C5162954B974005B47F0 /* ContentView.swift in Sources */ = {isa = PBXBuildFile; fileRef = 51D7C5152954B974005B47F0 /* ContentView.swift */; };
		51D7C5182954B975005B47F0 /* Assets.xcassets in Resources */ = {isa = PBXBuildFile; fileRef = 51D7C5172954B975005B47F0 /* Assets.xcassets */; };
		51D7C51B2954B975005B47F0 /* Preview Assets.xcassets in Resources */ = {isa = PBXBuildFile; fileRef = 51D7C51A2954B975005B47F0 /* Preview Assets.xcassets */; };
		51D7C5242954BACC005B47F0 /* LoadingScreen.swift in Sources */ = {isa = PBXBuildFile; fileRef = 51D7C5232954BACC005B47F0 /* LoadingScreen.swift */; };
		51D7C5262954CA32005B47F0 /* Bahiana-Regular.ttf in Resources */ = {isa = PBXBuildFile; fileRef = 51D7C5252954CA32005B47F0 /* Bahiana-Regular.ttf */; };
		51D9B3C62955D3DC0009EA99 /* MainResult.swift in Sources */ = {isa = PBXBuildFile; fileRef = 51D9B3C52955D3DC0009EA99 /* MainResult.swift */; };
/* End PBXBuildFile section */

/* Begin PBXFileReference section */
		514517312954E104009A0C35 /* TakePhotoWithCamera.swift */ = {isa = PBXFileReference; lastKnownFileType = sourcecode.swift; path = TakePhotoWithCamera.swift; sourceTree = "<group>"; };
		51D7C5102954B974005B47F0 /* FutureProfession.app */ = {isa = PBXFileReference; explicitFileType = wrapper.application; includeInIndex = 0; path = FutureProfession.app; sourceTree = BUILT_PRODUCTS_DIR; };
		51D7C5132954B974005B47F0 /* FutureProfessionApp.swift */ = {isa = PBXFileReference; lastKnownFileType = sourcecode.swift; path = FutureProfessionApp.swift; sourceTree = "<group>"; };
		51D7C5152954B974005B47F0 /* ContentView.swift */ = {isa = PBXFileReference; lastKnownFileType = sourcecode.swift; path = ContentView.swift; sourceTree = "<group>"; };
		51D7C5172954B975005B47F0 /* Assets.xcassets */ = {isa = PBXFileReference; lastKnownFileType = folder.assetcatalog; path = Assets.xcassets; sourceTree = "<group>"; };
		51D7C51A2954B975005B47F0 /* Preview Assets.xcassets */ = {isa = PBXFileReference; lastKnownFileType = folder.assetcatalog; path = "Preview Assets.xcassets"; sourceTree = "<group>"; };
		51D7C5232954BACC005B47F0 /* LoadingScreen.swift */ = {isa = PBXFileReference; lastKnownFileType = sourcecode.swift; path = LoadingScreen.swift; sourceTree = "<group>"; };
		51D7C5252954CA32005B47F0 /* Bahiana-Regular.ttf */ = {isa = PBXFileReference; lastKnownFileType = file; path = "Bahiana-Regular.ttf"; sourceTree = "<group>"; };
		51D7C5282954CAD6005B47F0 /* Info.plist */ = {isa = PBXFileReference; lastKnownFileType = text.plist; path = Info.plist; sourceTree = "<group>"; };
		51D9B3C52955D3DC0009EA99 /* MainResult.swift */ = {isa = PBXFileReference; lastKnownFileType = sourcecode.swift; path = MainResult.swift; sourceTree = "<group>"; };
/* End PBXFileReference section */

/* Begin PBXFrameworksBuildPhase section */
		51D7C50D2954B974005B47F0 /* Frameworks */ = {
			isa = PBXFrameworksBuildPhase;
			buildActionMask = 2147483647;
			files = (
			);
			runOnlyForDeploymentPostprocessing = 0;
		};
/* End PBXFrameworksBuildPhase section */

/* Begin PBXGroup section */
		51D7C5072954B974005B47F0 = {
			isa = PBXGroup;
			children = (
				51D7C5122954B974005B47F0 /* FutureProfession */,
				51D7C5112954B974005B47F0 /* Products */,
			);
			sourceTree = "<group>";
		};
		51D7C5112954B974005B47F0 /* Products */ = {
			isa = PBXGroup;
			children = (
				51D7C5102954B974005B47F0 /* FutureProfession.app */,
			);
			name = Products;
			sourceTree = "<group>";
		};
		51D7C5122954B974005B47F0 /* FutureProfession */ = {
			isa = PBXGroup;
			children = (
				51D7C5132954B974005B47F0 /* FutureProfessionApp.swift */,
				51D7C5232954BACC005B47F0 /* LoadingScreen.swift */,
				514517312954E104009A0C35 /* TakePhotoWithCamera.swift */,
				51D9B3C52955D3DC0009EA99 /* MainResult.swift */,
				51D7C5152954B974005B47F0 /* ContentView.swift */,
				51D7C5172954B975005B47F0 /* Assets.xcassets */,
				51D7C5282954CAD6005B47F0 /* Info.plist */,
				51D7C5192954B975005B47F0 /* Preview Content */,
			);
			path = FutureProfession;
			sourceTree = "<group>";
		};
		51D7C5192954B975005B47F0 /* Preview Content */ = {
			isa = PBXGroup;
			children = (
				51D7C5252954CA32005B47F0 /* Bahiana-Regular.ttf */,
				51D7C51A2954B975005B47F0 /* Preview Assets.xcassets */,
			);
			path = "Preview Content";
			sourceTree = "<group>";
		};
/* End PBXGroup section */

/* Begin PBXNativeTarget section */
		51D7C50F2954B974005B47F0 /* FutureProfession */ = {
			isa = PBXNativeTarget;
			buildConfigurationList = 51D7C51E2954B975005B47F0 /* Build configuration list for PBXNativeTarget "FutureProfession" */;
			buildPhases = (
				51D7C50C2954B974005B47F0 /* Sources */,
				51D7C50D2954B974005B47F0 /* Frameworks */,
				51D7C50E2954B974005B47F0 /* Resources */,
			);
			buildRules = (
			);
			dependencies = (
			);
			name = FutureProfession;
			productName = FutureProfession;
			productReference = 51D7C5102954B974005B47F0 /* FutureProfession.app */;
			productType = "com.apple.product-type.application";
		};
/* End PBXNativeTarget section */

/* Begin PBXProject section */
		51D7C5082954B974005B47F0 /* Project object */ = {
			isa = PBXProject;
			attributes = {
				BuildIndependentTargetsInParallel = 1;
				LastSwiftUpdateCheck = 1420;
				LastUpgradeCheck = 1420;
				TargetAttributes = {
					51D7C50F2954B974005B47F0 = {
						CreatedOnToolsVersion = 14.2;
					};
				};
			};
			buildConfigurationList = 51D7C50B2954B974005B47F0 /* Build configuration list for PBXProject "FutureProfession" */;
			compatibilityVersion = "Xcode 14.0";
			developmentRegion = en;
			hasScannedForEncodings = 0;
			knownRegions = (
				en,
				Base,
			);
			mainGroup = 51D7C5072954B974005B47F0;
			productRefGroup = 51D7C5112954B974005B47F0 /* Products */;
			projectDirPath = "";
			projectRoot = "";
			targets = (
				51D7C50F2954B974005B47F0 /* FutureProfession */,
			);
		};
/* End PBXProject section */

/* Begin PBXResourcesBuildPhase section */
		51D7C50E2954B974005B47F0 /* Resources */ = {
			isa = PBXResourcesBuildPhase;
			buildActionMask = 2147483647;
			files = (
				51D7C5262954CA32005B47F0 /* Bahiana-Regular.ttf in Resources */,
				51D7C51B2954B975005B47F0 /* Preview Assets.xcassets in Resources */,
				51D7C5182954B975005B47F0 /* Assets.xcassets in Resources */,
			);
			runOnlyForDeploymentPostprocessing = 0;
		};
/* End PBXResourcesBuildPhase section */

/* Begin PBXSourcesBuildPhase section */
		51D7C50C2954B974005B47F0 /* Sources */ = {
			isa = PBXSourcesBuildPhase;
			buildActionMask = 2147483647;
			files = (
				514517322954E104009A0C35 /* TakePhotoWithCamera.swift in Sources */,
				51D7C5162954B974005B47F0 /* ContentView.swift in Sources */,
				51D7C5142954B974005B47F0 /* FutureProfessionApp.swift in Sources */,
				51D7C5242954BACC005B47F0 /* LoadingScreen.swift in Sources */,
				51D9B3C62955D3DC0009EA99 /* MainResult.swift in Sources */,
			);
			runOnlyForDeploymentPostprocessing = 0;
		};
/* End PBXSourcesBuildPhase section */

/* Begin XCBuildConfiguration section */
		51D7C51C2954B975005B47F0 /* Debug */ = {
			isa = XCBuildConfiguration;
			buildSettings = {
				ALWAYS_SEARCH_USER_PATHS = NO;
				CLANG_ANALYZER_NONNULL = YES;
				CLANG_ANALYZER_NUMBER_OBJECT_CONVERSION = YES_AGGRESSIVE;
				CLANG_CXX_LANGUAGE_STANDARD = "gnu++20";
				CLANG_ENABLE_MODULES = YES;
				CLANG_ENABLE_OBJC_ARC = YES;
				CLANG_ENABLE_OBJC_WEAK = YES;
				CLANG_WARN_BLOCK_CAPTURE_AUTORELEASING = YES;
				CLANG_WARN_BOOL_CONVERSION = YES;
				CLANG_WARN_COMMA = YES;
				CLANG_WARN_CONSTANT_CONVERSION = YES;
				CLANG_WARN_DEPRECATED_OBJC_IMPLEMENTATIONS = YES;
				CLANG_WARN_DIRECT_OBJC_ISA_USAGE = YES_ERROR;
				CLANG_WARN_DOCUMENTATION_COMMENTS = YES;
				CLANG_WARN_EMPTY_BODY = YES;
				CLANG_WARN_ENUM_CONVERSION = YES;
				CLANG_WARN_INFINITE_RECURSION = YES;
				CLANG_WARN_INT_CONVERSION = YES;
				CLANG_WARN_NON_LITERAL_NULL_CONVERSION = YES;
				CLANG_WARN_OBJC_IMPLICIT_RETAIN_SELF = YES;
				CLANG_WARN_OBJC_LITERAL_CONVERSION = YES;
				CLANG_WARN_OBJC_ROOT_CLASS = YES_ERROR;
				CLANG_WARN_QUOTED_INCLUDE_IN_FRAMEWORK_HEADER = YES;
				CLANG_WARN_RANGE_LOOP_ANALYSIS = YES;
				CLANG_WARN_STRICT_PROTOTYPES = YES;
				CLANG_WARN_SUSPICIOUS_MOVE = YES;
				CLANG_WARN_UNGUARDED_AVAILABILITY = YES_AGGRESSIVE;
				CLANG_WARN_UNREACHABLE_CODE = YES;
				CLANG_WARN__DUPLICATE_METHOD_MATCH = YES;
				COPY_PHASE_STRIP = NO;
				DEBUG_INFORMATION_FORMAT = dwarf;
				ENABLE_STRICT_OBJC_MSGSEND = YES;
				ENABLE_TESTABILITY = YES;
				GCC_C_LANGUAGE_STANDARD = gnu11;
				GCC_DYNAMIC_NO_PIC = NO;
				GCC_NO_COMMON_BLOCKS = YES;
				GCC_OPTIMIZATION_LEVEL = 0;
				GCC_PREPROCESSOR_DEFINITIONS = (
					"DEBUG=1",
					"$(inherited)",
				);
				GCC_WARN_64_TO_32_BIT_CONVERSION = YES;
				GCC_WARN_ABOUT_RETURN_TYPE = YES_ERROR;
				GCC_WARN_UNDECLARED_SELECTOR = YES;
				GCC_WARN_UNINITIALIZED_AUTOS = YES_AGGRESSIVE;
				GCC_WARN_UNUSED_FUNCTION = YES;
				GCC_WARN_UNUSED_VARIABLE = YES;
				IPHONEOS_DEPLOYMENT_TARGET = 16.2;
				MTL_ENABLE_DEBUG_INFO = INCLUDE_SOURCE;
				MTL_FAST_MATH = YES;
				ONLY_ACTIVE_ARCH = YES;
				SDKROOT = iphoneos;
				SWIFT_ACTIVE_COMPILATION_CONDITIONS = DEBUG;
				SWIFT_OPTIMIZATION_LEVEL = "-Onone";
			};
			name = Debug;
		};
		51D7C51D2954B975005B47F0 /* Release */ = {
			isa = XCBuildConfiguration;
			buildSettings = {
				ALWAYS_SEARCH_USER_PATHS = NO;
				CLANG_ANALYZER_NONNULL = YES;
				CLANG_ANALYZER_NUMBER_OBJECT_CONVERSION = YES_AGGRESSIVE;
				CLANG_CXX_LANGUAGE_STANDARD = "gnu++20";
				CLANG_ENABLE_MODULES = YES;
				CLANG_ENABLE_OBJC_ARC = YES;
				CLANG_ENABLE_OBJC_WEAK = YES;
				CLANG_WARN_BLOCK_CAPTURE_AUTORELEASING = YES;
				CLANG_WARN_BOOL_CONVERSION = YES;
				CLANG_WARN_COMMA = YES;
				CLANG_WARN_CONSTANT_CONVERSION = YES;
				CLANG_WARN_DEPRECATED_OBJC_IMPLEMENTATIONS = YES;
				CLANG_WARN_DIRECT_OBJC_ISA_USAGE = YES_ERROR;
				CLANG_WARN_DOCUMENTATION_COMMENTS = YES;
				CLANG_WARN_EMPTY_BODY = YES;
				CLANG_WARN_ENUM_CONVERSION = YES;
				CLANG_WARN_INFINITE_RECURSION = YES;
				CLANG_WARN_INT_CONVERSION = YES;
				CLANG_WARN_NON_LITERAL_NULL_CONVERSION = YES;
				CLANG_WARN_OBJC_IMPLICIT_RETAIN_SELF = YES;
				CLANG_WARN_OBJC_LITERAL_CONVERSION = YES;
				CLANG_WARN_OBJC_ROOT_CLASS = YES_ERROR;
				CLANG_WARN_QUOTED_INCLUDE_IN_FRAMEWORK_HEADER = YES;
				CLANG_WARN_RANGE_LOOP_ANALYSIS = YES;
				CLANG_WARN_STRICT_PROTOTYPES = YES;
				CLANG_WARN_SUSPICIOUS_MOVE = YES;
				CLANG_WARN_UNGUARDED_AVAILABILITY = YES_AGGRESSIVE;
				CLANG_WARN_UNREACHABLE_CODE = YES;
				CLANG_WARN__DUPLICATE_METHOD_MATCH = YES;
				COPY_PHASE_STRIP = NO;
				DEBUG_INFORMATION_FORMAT = "dwarf-with-dsym";
				ENABLE_NS_ASSERTIONS = NO;
				ENABLE_STRICT_OBJC_MSGSEND = YES;
				GCC_C_LANGUAGE_STANDARD = gnu11;
				GCC_NO_COMMON_BLOCKS = YES;
				GCC_WARN_64_TO_32_BIT_CONVERSION = YES;
				GCC_WARN_ABOUT_RETURN_TYPE = YES_ERROR;
				GCC_WARN_UNDECLARED_SELECTOR = YES;
				GCC_WARN_UNINITIALIZED_AUTOS = YES_AGGRESSIVE;
				GCC_WARN_UNUSED_FUNCTION = YES;
				GCC_WARN_UNUSED_VARIABLE = YES;
				IPHONEOS_DEPLOYMENT_TARGET = 16.2;
				MTL_ENABLE_DEBUG_INFO = NO;
				MTL_FAST_MATH = YES;
				SDKROOT = iphoneos;
				SWIFT_COMPILATION_MODE = wholemodule;
				SWIFT_OPTIMIZATION_LEVEL = "-O";
				VALIDATE_PRODUCT = YES;
			};
			name = Release;
		};
		51D7C51F2954B975005B47F0 /* Debug */ = {
			isa = XCBuildConfiguration;
			buildSettings = {
				ASSETCATALOG_COMPILER_APPICON_NAME = AppIcon;
				ASSETCATALOG_COMPILER_GLOBAL_ACCENT_COLOR_NAME = AccentColor;
				CODE_SIGN_IDENTITY = "Apple Development";
				CODE_SIGN_STYLE = Automatic;
				CURRENT_PROJECT_VERSION = 1;
				DEVELOPMENT_ASSET_PATHS = "\"FutureProfession/Preview Content\"";
				DEVELOPMENT_TEAM = TAWYGW73VJ;
				ENABLE_PREVIEWS = YES;
				GENERATE_INFOPLIST_FILE = YES;
				INFOPLIST_FILE = FutureProfession/Info.plist;
				INFOPLIST_KEY_UIApplicationSceneManifest_Generation = YES;
				INFOPLIST_KEY_UIApplicationSupportsIndirectInputEvents = YES;
				INFOPLIST_KEY_UILaunchScreen_Generation = YES;
				INFOPLIST_KEY_UISupportedInterfaceOrientations_iPad = "UIInterfaceOrientationPortrait UIInterfaceOrientationPortraitUpsideDown UIInterfaceOrientationLandscapeLeft UIInterfaceOrientationLandscapeRight";
				INFOPLIST_KEY_UISupportedInterfaceOrientations_iPhone = "UIInterfaceOrientationPortrait UIInterfaceOrientationLandscapeLeft UIInterfaceOrientationLandscapeRight";
				IPHONEOS_DEPLOYMENT_TARGET = 15.0;
				LD_RUNPATH_SEARCH_PATHS = (
					"$(inherited)",
					"@executable_path/Frameworks",
				);
				MARKETING_VERSION = 1.0;
				PRODUCT_BUNDLE_IDENTIFIER = "-23.FutureProfession";
				PRODUCT_NAME = "$(TARGET_NAME)";
				PROVISIONING_PROFILE_SPECIFIER = "";
				SWIFT_EMIT_LOC_STRINGS = YES;
				SWIFT_VERSION = 5.0;
				TARGETED_DEVICE_FAMILY = "1,2";
			};
			name = Debug;
		};
		51D7C5202954B975005B47F0 /* Release */ = {
			isa = XCBuildConfiguration;
			buildSettings = {
				ASSETCATALOG_COMPILER_APPICON_NAME = AppIcon;
				ASSETCATALOG_COMPILER_GLOBAL_ACCENT_COLOR_NAME = AccentColor;
				CODE_SIGN_IDENTITY = "Apple Development";
				CODE_SIGN_STYLE = Automatic;
				CURRENT_PROJECT_VERSION = 1;
				DEVELOPMENT_ASSET_PATHS = "\"FutureProfession/Preview Content\"";
				DEVELOPMENT_TEAM = TAWYGW73VJ;
				ENABLE_PREVIEWS = YES;
				GENERATE_INFOPLIST_FILE = YES;
				INFOPLIST_FILE = FutureProfession/Info.plist;
				INFOPLIST_KEY_UIApplicationSceneManifest_Generation = YES;
				INFOPLIST_KEY_UIApplicationSupportsIndirectInputEvents = YES;
				INFOPLIST_KEY_UILaunchScreen_Generation = YES;
				INFOPLIST_KEY_UISupportedInterfaceOrientations_iPad = "UIInterfaceOrientationPortrait UIInterfaceOrientationPortraitUpsideDown UIInterfaceOrientationLandscapeLeft UIInterfaceOrientationLandscapeRight";
				INFOPLIST_KEY_UISupportedInterfaceOrientations_iPhone = "UIInterfaceOrientationPortrait UIInterfaceOrientationLandscapeLeft UIInterfaceOrientationLandscapeRight";
				IPHONEOS_DEPLOYMENT_TARGET = 15.0;
				LD_RUNPATH_SEARCH_PATHS = (
					"$(inherited)",
					"@executable_path/Frameworks",
				);
				MARKETING_VERSION = 1.0;
				PRODUCT_BUNDLE_IDENTIFIER = "-23.FutureProfession";
				PRODUCT_NAME = "$(TARGET_NAME)";
				PROVISIONING_PROFILE_SPECIFIER = "";
				SWIFT_EMIT_LOC_STRINGS = YES;
				SWIFT_VERSION = 5.0;
				TARGETED_DEVICE_FAMILY = "1,2";
			};
			name = Release;
		};
/* End XCBuildConfiguration section */

/* Begin XCConfigurationList section */
		51D7C50B2954B974005B47F0 /* Build configuration list for PBXProject "FutureProfession" */ = {
			isa = XCConfigurationList;
			buildConfigurations = (
				51D7C51C2954B975005B47F0 /* Debug */,
				51D7C51D2954B975005B47F0 /* Release */,
			);
			defaultConfigurationIsVisible = 0;
			defaultConfigurationName = Release;
		};
		51D7C51E2954B975005B47F0 /* Build configuration list for PBXNativeTarget "FutureProfession" */ = {
			isa = XCConfigurationList;
			buildConfigurations = (
				51D7C51F2954B975005B47F0 /* Debug */,
				51D7C5202954B975005B47F0 /* Release */,
			);
			defaultConfigurationIsVisible = 0;
			defaultConfigurationName = Release;
		};
/* End XCConfigurationList section */
	};
	rootObject = 51D7C5082954B974005B47F0 /* Project object */;
}
